// !$*UTF8*$!
{
	archiveVersion = 1;
	classes = {
	};
	objectVersion = 50;
	objects = {

/* Begin PBXBuildFile section */
		AC806FC721EF290500FBCC81 /* AppDelegate.m in Sources */ = {isa = PBXBuildFile; fileRef = AC806FC621EF290500FBCC81 /* AppDelegate.m */; };
		AC806FCD21EF290500FBCC81 /* Main.storyboard in Resources */ = {isa = PBXBuildFile; fileRef = AC806FCB21EF290500FBCC81 /* Main.storyboard */; };
		AC806FCF21EF290600FBCC81 /* Assets.xcassets in Resources */ = {isa = PBXBuildFile; fileRef = AC806FCE21EF290600FBCC81 /* Assets.xcassets */; };
		AC806FD221EF290600FBCC81 /* LaunchScreen.storyboard in Resources */ = {isa = PBXBuildFile; fileRef = AC806FD021EF290600FBCC81 /* LaunchScreen.storyboard */; };
		AC806FD521EF290600FBCC81 /* main.m in Sources */ = {isa = PBXBuildFile; fileRef = AC806FD421EF290600FBCC81 /* main.m */; };
		AC806FE121EF291F00FBCC81 /* NJJSObject.m in Sources */ = {isa = PBXBuildFile; fileRef = AC806FDC21EF291F00FBCC81 /* NJJSObject.m */; };
		AC806FE221EF291F00FBCC81 /* NJBannerDetailsViewController.m in Sources */ = {isa = PBXBuildFile; fileRef = AC806FDF21EF291F00FBCC81 /* NJBannerDetailsViewController.m */; };
		AC806FE321EF291F00FBCC81 /* NJBannerDetailsViewController.xib in Resources */ = {isa = PBXBuildFile; fileRef = AC806FE021EF291F00FBCC81 /* NJBannerDetailsViewController.xib */; };
/* End PBXBuildFile section */

/* Begin PBXFileReference section */
		AC806FC221EF290500FBCC81 /* JS_IOS 交互.app */ = {isa = PBXFileReference; explicitFileType = wrapper.application; includeInIndex = 0; path = "JS_IOS 交互.app"; sourceTree = BUILT_PRODUCTS_DIR; };
		AC806FC521EF290500FBCC81 /* AppDelegate.h */ = {isa = PBXFileReference; lastKnownFileType = sourcecode.c.h; path = AppDelegate.h; sourceTree = "<group>"; };
		AC806FC621EF290500FBCC81 /* AppDelegate.m */ = {isa = PBXFileReference; lastKnownFileType = sourcecode.c.objc; path = AppDelegate.m; sourceTree = "<group>"; };
		AC806FCC21EF290500FBCC81 /* Base */ = {isa = PBXFileReference; lastKnownFileType = file.storyboard; name = Base; path = Base.lproj/Main.storyboard; sourceTree = "<group>"; };
		AC806FCE21EF290600FBCC81 /* Assets.xcassets */ = {isa = PBXFileReference; lastKnownFileType = folder.assetcatalog; path = Assets.xcassets; sourceTree = "<group>"; };
		AC806FD121EF290600FBCC81 /* Base */ = {isa = PBXFileReference; lastKnownFileType = file.storyboard; name = Base; path = Base.lproj/LaunchScreen.storyboard; sourceTree = "<group>"; };
		AC806FD321EF290600FBCC81 /* Info.plist */ = {isa = PBXFileReference; lastKnownFileType = text.plist.xml; path = Info.plist; sourceTree = "<group>"; };
		AC806FD421EF290600FBCC81 /* main.m */ = {isa = PBXFileReference; lastKnownFileType = sourcecode.c.objc; path = main.m; sourceTree = "<group>"; };
		AC806FDC21EF291F00FBCC81 /* NJJSObject.m */ = {isa = PBXFileReference; fileEncoding = 4; lastKnownFileType = sourcecode.c.objc; path = NJJSObject.m; sourceTree = "<group>"; };
		AC806FDD21EF291F00FBCC81 /* NJJSObject.h */ = {isa = PBXFileReference; fileEncoding = 4; lastKnownFileType = sourcecode.c.h; path = NJJSObject.h; sourceTree = "<group>"; };
		AC806FDE21EF291F00FBCC81 /* NJBannerDetailsViewController.h */ = {isa = PBXFileReference; fileEncoding = 4; lastKnownFileType = sourcecode.c.h; path = NJBannerDetailsViewController.h; sourceTree = "<group>"; };
		AC806FDF21EF291F00FBCC81 /* NJBannerDetailsViewController.m */ = {isa = PBXFileReference; fileEncoding = 4; lastKnownFileType = sourcecode.c.objc; path = NJBannerDetailsViewController.m; sourceTree = "<group>"; };
		AC806FE021EF291F00FBCC81 /* NJBannerDetailsViewController.xib */ = {isa = PBXFileReference; fileEncoding = 4; lastKnownFileType = file.xib; path = NJBannerDetailsViewController.xib; sourceTree = "<group>"; };
/* End PBXFileReference section */

/* Begin PBXFrameworksBuildPhase section */
		AC806FBF21EF290500FBCC81 /* Frameworks */ = {
			isa = PBXFrameworksBuildPhase;
			buildActionMask = 2147483647;
			files = (
			);
			runOnlyForDeploymentPostprocessing = 0;
		};
/* End PBXFrameworksBuildPhase section */

/* Begin PBXGroup section */
		AC806FB921EF290500FBCC81 = {
			isa = PBXGroup;
			children = (
				AC806FC421EF290500FBCC81 /* JS_IOS 交互 */,
				AC806FC321EF290500FBCC81 /* Products */,
			);
			sourceTree = "<group>";
		};
		AC806FC321EF290500FBCC81 /* Products */ = {
			isa = PBXGroup;
			children = (
				AC806FC221EF290500FBCC81 /* JS_IOS 交互.app */,
			);
			name = Products;
			sourceTree = "<group>";
		};
		AC806FC421EF290500FBCC81 /* JS_IOS 交互 */ = {
			isa = PBXGroup;
			children = (
				AC806FDB21EF291F00FBCC81 /* JCObject */,
				AC806FDE21EF291F00FBCC81 /* NJBannerDetailsViewController.h */,
				AC806FDF21EF291F00FBCC81 /* NJBannerDetailsViewController.m */,
				AC806FE021EF291F00FBCC81 /* NJBannerDetailsViewController.xib */,
				AC806FC521EF290500FBCC81 /* AppDelegate.h */,
				AC806FC621EF290500FBCC81 /* AppDelegate.m */,
				AC806FCB21EF290500FBCC81 /* Main.storyboard */,
				AC806FCE21EF290600FBCC81 /* Assets.xcassets */,
				AC806FD021EF290600FBCC81 /* LaunchScreen.storyboard */,
				AC806FD321EF290600FBCC81 /* Info.plist */,
				AC806FD421EF290600FBCC81 /* main.m */,
			);
			path = "JS_IOS 交互";
			sourceTree = "<group>";
		};
		AC806FDB21EF291F00FBCC81 /* JCObject */ = {
			isa = PBXGroup;
			children = (
				AC806FDD21EF291F00FBCC81 /* NJJSObject.h */,
				AC806FDC21EF291F00FBCC81 /* NJJSObject.m */,
			);
			path = JCObject;
			sourceTree = "<group>";
		};
/* End PBXGroup section */

/* Begin PBXNativeTarget section */
		AC806FC121EF290500FBCC81 /* JS_IOS 交互 */ = {
			isa = PBXNativeTarget;
			buildConfigurationList = AC806FD821EF290600FBCC81 /* Build configuration list for PBXNativeTarget "JS_IOS 交互" */;
			buildPhases = (
				AC806FBE21EF290500FBCC81 /* Sources */,
				AC806FBF21EF290500FBCC81 /* Frameworks */,
				AC806FC021EF290500FBCC81 /* Resources */,
			);
			buildRules = (
			);
			dependencies = (
			);
			name = "JS_IOS 交互";
			productName = "JS_IOS 交互";
			productReference = AC806FC221EF290500FBCC81 /* JS_IOS 交互.app */;
			productType = "com.apple.product-type.application";
		};
/* End PBXNativeTarget section */

/* Begin PBXProject section */
		AC806FBA21EF290500FBCC81 /* Project object */ = {
			isa = PBXProject;
			attributes = {
				LastUpgradeCheck = 0930;
				ORGANIZATIONNAME = Liandi;
				TargetAttributes = {
					AC806FC121EF290500FBCC81 = {
						CreatedOnToolsVersion = 9.3;
					};
				};
			};
			buildConfigurationList = AC806FBD21EF290500FBCC81 /* Build configuration list for PBXProject "JS_IOS 交互" */;
			compatibilityVersion = "Xcode 9.3";
			developmentRegion = en;
			hasScannedForEncodings = 0;
			knownRegions = (
				en,
				Base,
			);
			mainGroup = AC806FB921EF290500FBCC81;
			productRefGroup = AC806FC321EF290500FBCC81 /* Products */;
			projectDirPath = "";
			projectRoot = "";
			targets = (
				AC806FC121EF290500FBCC81 /* JS_IOS 交互 */,
			);
		};
/* End PBXProject section */

/* Begin PBXResourcesBuildPhase section */
		AC806FC021EF290500FBCC81 /* Resources */ = {
			isa = PBXResourcesBuildPhase;
			buildActionMask = 2147483647;
			files = (
				AC806FD221EF290600FBCC81 /* LaunchScreen.storyboard in Resources */,
				AC806FCF21EF290600FBCC81 /* Assets.xcassets in Resources */,
				AC806FCD21EF290500FBCC81 /* Main.storyboard in Resources */,
				AC806FE321EF291F00FBCC81 /* NJBannerDetailsViewController.xib in Resources */,
			);
			runOnlyForDeploymentPostprocessing = 0;
		};
/* End PBXResourcesBuildPhase section */

/* Begin PBXSourcesBuildPhase section */
		AC806FBE21EF290500FBCC81 /* Sources */ = {
			isa = PBXSourcesBuildPhase;
			buildActionMask = 2147483647;
			files = (
				AC806FD521EF290600FBCC81 /* main.m in Sources */,
				AC806FE221EF291F00FBCC81 /* NJBannerDetailsViewController.m in Sources */,
				AC806FE121EF291F00FBCC81 /* NJJSObject.m in Sources */,
				AC806FC721EF290500FBCC81 /* AppDelegate.m in Sources */,
			);
			runOnlyForDeploymentPostprocessing = 0;
		};
/* End PBXSourcesBuildPhase section */

/* Begin PBXVariantGroup section */
		AC806FCB21EF290500FBCC81 /* Main.storyboard */ = {
			isa = PBXVariantGroup;
			children = (
				AC806FCC21EF290500FBCC81 /* Base */,
			);
			name = Main.storyboard;
			sourceTree = "<group>";
		};
		AC806FD021EF290600FBCC81 /* LaunchScreen.storyboard */ = {
			isa = PBXVariantGroup;
			children = (
				AC806FD121EF290600FBCC81 /* Base */,
			);
			name = LaunchScreen.storyboard;
			sourceTree = "<group>";
		};
/* End PBXVariantGroup section */

/* Begin XCBuildConfiguration section */
		AC806FD621EF290600FBCC81 /* Debug */ = {
			isa = XCBuildConfiguration;
			buildSettings = {
				ALWAYS_SEARCH_USER_PATHS = NO;
				CLANG_ANALYZER_NONNULL = YES;
				CLANG_ANALYZER_NUMBER_OBJECT_CONVERSION = YES_AGGRESSIVE;
				CLANG_CXX_LANGUAGE_STANDARD = "gnu++14";
				CLANG_CXX_LIBRARY = "libc++";
				CLANG_ENABLE_MODULES = YES;
				CLANG_ENABLE_OBJC_ARC = YES;
				CLANG_ENABLE_OBJC_WEAK = YES;
				CLANG_WARN_BLOCK_CAPTURE_AUTORELEASING = YES;
				CLANG_WARN_BOOL_CONVERSION = YES;
				CLANG_WARN_COMMA = YES;
				CLANG_WARN_CONSTANT_CONVERSION = YES;
				CLANG_WARN_DEPRECATED_OBJC_IMPLEMENTATIONS = YES;
				CLANG_WARN_DIRECT_OBJC_ISA_USAGE = YES_ERROR;
				CLANG_WARN_DOCUMENTATION_COMMENTS = YES;
				CLANG_WARN_EMPTY_BODY = YES;
				CLANG_WARN_ENUM_CONVERSION = YES;
				CLANG_WARN_INFINITE_RECURSION = YES;
				CLANG_WARN_INT_CONVERSION = YES;
				CLANG_WARN_NON_LITERAL_NULL_CONVERSION = YES;
				CLANG_WARN_OBJC_IMPLICIT_RETAIN_SELF = YES;
				CLANG_WARN_OBJC_LITERAL_CONVERSION = YES;
				CLANG_WARN_OBJC_ROOT_CLASS = YES_ERROR;
				CLANG_WARN_RANGE_LOOP_ANALYSIS = YES;
				CLANG_WARN_STRICT_PROTOTYPES = YES;
				CLANG_WARN_SUSPICIOUS_MOVE = YES;
				CLANG_WARN_UNGUARDED_AVAILABILITY = YES_AGGRESSIVE;
				CLANG_WARN_UNREACHABLE_CODE = YES;
				CLANG_WARN__DUPLICATE_METHOD_MATCH = YES;
				CODE_SIGN_IDENTITY = "iPhone Developer";
				COPY_PHASE_STRIP = NO;
				DEBUG_INFORMATION_FORMAT = dwarf;
				ENABLE_STRICT_OBJC_MSGSEND = YES;
				ENABLE_TESTABILITY = YES;
				GCC_C_LANGUAGE_STANDARD = gnu11;
				GCC_DYNAMIC_NO_PIC = NO;
				GCC_NO_COMMON_BLOCKS = YES;
				GCC_OPTIMIZATION_LEVEL = 0;
				GCC_PREPROCESSOR_DEFINITIONS = (
					"DEBUG=1",
					"$(inherited)",
				);
				GCC_WARN_64_TO_32_BIT_CONVERSION = YES;
				GCC_WARN_ABOUT_RETURN_TYPE = YES_ERROR;
				GCC_WARN_UNDECLARED_SELECTOR = YES;
				GCC_WARN_UNINITIALIZED_AUTOS = YES_AGGRESSIVE;
				GCC_WARN_UNUSED_FUNCTION = YES;
				GCC_WARN_UNUSED_VARIABLE = YES;
				IPHONEOS_DEPLOYMENT_TARGET = 11.3;
				MTL_ENABLE_DEBUG_INFO = YES;
				ONLY_ACTIVE_ARCH = YES;
				SDKROOT = iphoneos;
			};
			name = Debug;
		};
		AC806FD721EF290600FBCC81 /* Release */ = {
			isa = XCBuildConfiguration;
			buildSettings = {
				ALWAYS_SEARCH_USER_PATHS = NO;
				CLANG_ANALYZER_NONNULL = YES;
				CLANG_ANALYZER_NUMBER_OBJECT_CONVERSION = YES_AGGRESSIVE;
				CLANG_CXX_LANGUAGE_STANDARD = "gnu++14";
				CLANG_CXX_LIBRARY = "libc++";
				CLANG_ENABLE_MODULES = YES;
				CLANG_ENABLE_OBJC_ARC = YES;
				CLANG_ENABLE_OBJC_WEAK = YES;
				CLANG_WARN_BLOCK_CAPTURE_AUTORELEASING = YES;
				CLANG_WARN_BOOL_CONVERSION = YES;
				CLANG_WARN_COMMA = YES;
				CLANG_WARN_CONSTANT_CONVERSION = YES;
				CLANG_WARN_DEPRECATED_OBJC_IMPLEMENTATIONS = YES;
				CLANG_WARN_DIRECT_OBJC_ISA_USAGE = YES_ERROR;
				CLANG_WARN_DOCUMENTATION_COMMENTS = YES;
				CLANG_WARN_EMPTY_BODY = YES;
				CLANG_WARN_ENUM_CONVERSION = YES;
				CLANG_WARN_INFINITE_RECURSION = YES;
				CLANG_WARN_INT_CONVERSION = YES;
				CLANG_WARN_NON_LITERAL_NULL_CONVERSION = YES;
				CLANG_WARN_OBJC_IMPLICIT_RETAIN_SELF = YES;
				CLANG_WARN_OBJC_LITERAL_CONVERSION = YES;
				CLANG_WARN_OBJC_ROOT_CLASS = YES_ERROR;
				CLANG_WARN_RANGE_LOOP_ANALYSIS = YES;
				CLANG_WARN_STRICT_PROTOTYPES = YES;
				CLANG_WARN_SUSPICIOUS_MOVE = YES;
				CLANG_WARN_UNGUARDED_AVAILABILITY = YES_AGGRESSIVE;
				CLANG_WARN_UNREACHABLE_CODE = YES;
				CLANG_WARN__DUPLICATE_METHOD_MATCH = YES;
				CODE_SIGN_IDENTITY = "iPhone Developer";
				COPY_PHASE_STRIP = NO;
				DEBUG_INFORMATION_FORMAT = "dwarf-with-dsym";
				ENABLE_NS_ASSERTIONS = NO;
				ENABLE_STRICT_OBJC_MSGSEND = YES;
				GCC_C_LANGUAGE_STANDARD = gnu11;
				GCC_NO_COMMON_BLOCKS = YES;
				GCC_WARN_64_TO_32_BIT_CONVERSION = YES;
				GCC_WARN_ABOUT_RETURN_TYPE = YES_ERROR;
				GCC_WARN_UNDECLARED_SELECTOR = YES;
				GCC_WARN_UNINITIALIZED_AUTOS = YES_AGGRESSIVE;
				GCC_WARN_UNUSED_FUNCTION = YES;
				GCC_WARN_UNUSED_VARIABLE = YES;
				IPHONEOS_DEPLOYMENT_TARGET = 11.3;
				MTL_ENABLE_DEBUG_INFO = NO;
				SDKROOT = iphoneos;
				VALIDATE_PRODUCT = YES;
			};
			name = Release;
		};
		AC806FD921EF290600FBCC81 /* Debug */ = {
			isa = XCBuildConfiguration;
			buildSettings = {
				ASSETCATALOG_COMPILER_APPICON_NAME = AppIcon;
				CODE_SIGN_STYLE = Automatic;
				DEVELOPMENT_TEAM = 55MA3A96DS;
				INFOPLIST_FILE = "JS_IOS 交互/Info.plist";
				LD_RUNPATH_SEARCH_PATHS = (
					"$(inherited)",
					"@executable_path/Frameworks",
				);
				PRODUCT_BUNDLE_IDENTIFIER = "ld.liandi.JS-IOS---";
				PRODUCT_NAME = "$(TARGET_NAME)";
				TARGETED_DEVICE_FAMILY = "1,2";
			};
			name = Debug;
		};
		AC806FDA21EF290600FBCC81 /* Release */ = {
			isa = XCBuildConfiguration;
			buildSettings = {
				ASSETCATALOG_COMPILER_APPICON_NAME = AppIcon;
				CODE_SIGN_STYLE = Automatic;
				DEVELOPMENT_TEAM = 55MA3A96DS;
				INFOPLIST_FILE = "JS_IOS 交互/Info.plist";
				LD_RUNPATH_SEARCH_PATHS = (
					"$(inherited)",
					"@executable_path/Frameworks",
				);
				PRODUCT_BUNDLE_IDENTIFIER = "ld.liandi.JS-IOS---";
				PRODUCT_NAME = "$(TARGET_NAME)";
				TARGETED_DEVICE_FAMILY = "1,2";
			};
			name = Release;
		};
/* End XCBuildConfiguration section */

/* Begin XCConfigurationList section */
		AC806FBD21EF290500FBCC81 /* Build configuration list for PBXProject "JS_IOS 交互" */ = {
			isa = XCConfigurationList;
			buildConfigurations = (
				AC806FD621EF290600FBCC81 /* Debug */,
				AC806FD721EF290600FBCC81 /* Release */,
			);
			defaultConfigurationIsVisible = 0;
			defaultConfigurationName = Release;
		};
		AC806FD821EF290600FBCC81 /* Build configuration list for PBXNativeTarget "JS_IOS 交互" */ = {
			isa = XCConfigurationList;
			buildConfigurations = (
				AC806FD921EF290600FBCC81 /* Debug */,
				AC806FDA21EF290600FBCC81 /* Release */,
			);
			defaultConfigurationIsVisible = 0;
			defaultConfigurationName = Release;
		};
/* End XCConfigurationList section */
	};
	rootObject = AC806FBA21EF290500FBCC81 /* Project object */;
}
